// !$*UTF8*$!
{
	archiveVersion = 1;
	classes = {
	};
	objectVersion = 50;
	objects = {

/* Begin PBXBuildFile section */
		0FBBDD44266BC14B006D6B19 /* AppDelegate.swift in Sources */ = {isa = PBXBuildFile; fileRef = 0FBBDD43266BC14B006D6B19 /* AppDelegate.swift */; };
		0FBBDD46266BC14B006D6B19 /* SceneDelegate.swift in Sources */ = {isa = PBXBuildFile; fileRef = 0FBBDD45266BC14B006D6B19 /* SceneDelegate.swift */; };
		0FBBDD48266BC14B006D6B19 /* ViewController.swift in Sources */ = {isa = PBXBuildFile; fileRef = 0FBBDD47266BC14B006D6B19 /* ViewController.swift */; };
		0FBBDD4B266BC14B006D6B19 /* Main.storyboard in Resources */ = {isa = PBXBuildFile; fileRef = 0FBBDD49266BC14B006D6B19 /* Main.storyboard */; };
		0FBBDD4D266BC14C006D6B19 /* Assets.xcassets in Resources */ = {isa = PBXBuildFile; fileRef = 0FBBDD4C266BC14C006D6B19 /* Assets.xcassets */; };
		0FBBDD50266BC14C006D6B19 /* LaunchScreen.storyboard in Resources */ = {isa = PBXBuildFile; fileRef = 0FBBDD4E266BC14C006D6B19 /* LaunchScreen.storyboard */; };
		0FBBDD5B266BC14C006D6B19 /* FileManagerTutorialTests.swift in Sources */ = {isa = PBXBuildFile; fileRef = 0FBBDD5A266BC14C006D6B19 /* FileManagerTutorialTests.swift */; };
		0FBBDD66266BC14C006D6B19 /* FileManagerTutorialUITests.swift in Sources */ = {isa = PBXBuildFile; fileRef = 0FBBDD65266BC14C006D6B19 /* FileManagerTutorialUITests.swift */; };
/* End PBXBuildFile section */

/* Begin PBXContainerItemProxy section */
		0FBBDD57266BC14C006D6B19 /* PBXContainerItemProxy */ = {
			isa = PBXContainerItemProxy;
			containerPortal = 0FBBDD38266BC14B006D6B19 /* Project object */;
			proxyType = 1;
			remoteGlobalIDString = 0FBBDD3F266BC14B006D6B19;
			remoteInfo = FileManagerTutorial;
		};
		0FBBDD62266BC14C006D6B19 /* PBXContainerItemProxy */ = {
			isa = PBXContainerItemProxy;
			containerPortal = 0FBBDD38266BC14B006D6B19 /* Project object */;
			proxyType = 1;
			remoteGlobalIDString = 0FBBDD3F266BC14B006D6B19;
			remoteInfo = FileManagerTutorial;
		};
/* End PBXContainerItemProxy section */

/* Begin PBXFileReference section */
		0FBBDD40266BC14B006D6B19 /* FileManagerTutorial.app */ = {isa = PBXFileReference; explicitFileType = wrapper.application; includeInIndex = 0; path = FileManagerTutorial.app; sourceTree = BUILT_PRODUCTS_DIR; };
		0FBBDD43266BC14B006D6B19 /* AppDelegate.swift */ = {isa = PBXFileReference; lastKnownFileType = sourcecode.swift; path = AppDelegate.swift; sourceTree = "<group>"; };
		0FBBDD45266BC14B006D6B19 /* SceneDelegate.swift */ = {isa = PBXFileReference; lastKnownFileType = sourcecode.swift; path = SceneDelegate.swift; sourceTree = "<group>"; };
		0FBBDD47266BC14B006D6B19 /* ViewController.swift */ = {isa = PBXFileReference; lastKnownFileType = sourcecode.swift; path = ViewController.swift; sourceTree = "<group>"; };
		0FBBDD4A266BC14B006D6B19 /* Base */ = {isa = PBXFileReference; lastKnownFileType = file.storyboard; name = Base; path = Base.lproj/Main.storyboard; sourceTree = "<group>"; };
		0FBBDD4C266BC14C006D6B19 /* Assets.xcassets */ = {isa = PBXFileReference; lastKnownFileType = folder.assetcatalog; path = Assets.xcassets; sourceTree = "<group>"; };
		0FBBDD4F266BC14C006D6B19 /* Base */ = {isa = PBXFileReference; lastKnownFileType = file.storyboard; name = Base; path = Base.lproj/LaunchScreen.storyboard; sourceTree = "<group>"; };
		0FBBDD51266BC14C006D6B19 /* Info.plist */ = {isa = PBXFileReference; lastKnownFileType = text.plist.xml; path = Info.plist; sourceTree = "<group>"; };
		0FBBDD56266BC14C006D6B19 /* FileManagerTutorialTests.xctest */ = {isa = PBXFileReference; explicitFileType = wrapper.cfbundle; includeInIndex = 0; path = FileManagerTutorialTests.xctest; sourceTree = BUILT_PRODUCTS_DIR; };
		0FBBDD5A266BC14C006D6B19 /* FileManagerTutorialTests.swift */ = {isa = PBXFileReference; lastKnownFileType = sourcecode.swift; path = FileManagerTutorialTests.swift; sourceTree = "<group>"; };
		0FBBDD5C266BC14C006D6B19 /* Info.plist */ = {isa = PBXFileReference; lastKnownFileType = text.plist.xml; path = Info.plist; sourceTree = "<group>"; };
		0FBBDD61266BC14C006D6B19 /* FileManagerTutorialUITests.xctest */ = {isa = PBXFileReference; explicitFileType = wrapper.cfbundle; includeInIndex = 0; path = FileManagerTutorialUITests.xctest; sourceTree = BUILT_PRODUCTS_DIR; };
		0FBBDD65266BC14C006D6B19 /* FileManagerTutorialUITests.swift */ = {isa = PBXFileReference; lastKnownFileType = sourcecode.swift; path = FileManagerTutorialUITests.swift; sourceTree = "<group>"; };
		0FBBDD67266BC14C006D6B19 /* Info.plist */ = {isa = PBXFileReference; lastKnownFileType = text.plist.xml; path = Info.plist; sourceTree = "<group>"; };
/* End PBXFileReference section */

/* Begin PBXFrameworksBuildPhase section */
		0FBBDD3D266BC14B006D6B19 /* Frameworks */ = {
			isa = PBXFrameworksBuildPhase;
			buildActionMask = 2147483647;
			files = (
			);
			runOnlyForDeploymentPostprocessing = 0;
		};
		0FBBDD53266BC14C006D6B19 /* Frameworks */ = {
			isa = PBXFrameworksBuildPhase;
			buildActionMask = 2147483647;
			files = (
			);
			runOnlyForDeploymentPostprocessing = 0;
		};
		0FBBDD5E266BC14C006D6B19 /* Frameworks */ = {
			isa = PBXFrameworksBuildPhase;
			buildActionMask = 2147483647;
			files = (
			);
			runOnlyForDeploymentPostprocessing = 0;
		};
/* End PBXFrameworksBuildPhase section */

/* Begin PBXGroup section */
		0FBBDD37266BC14B006D6B19 = {
			isa = PBXGroup;
			children = (
				0FBBDD42266BC14B006D6B19 /* FileManagerTutorial */,
				0FBBDD59266BC14C006D6B19 /* FileManagerTutorialTests */,
				0FBBDD64266BC14C006D6B19 /* FileManagerTutorialUITests */,
				0FBBDD41266BC14B006D6B19 /* Products */,
			);
			sourceTree = "<group>";
		};
		0FBBDD41266BC14B006D6B19 /* Products */ = {
			isa = PBXGroup;
			children = (
				0FBBDD40266BC14B006D6B19 /* FileManagerTutorial.app */,
				0FBBDD56266BC14C006D6B19 /* FileManagerTutorialTests.xctest */,
				0FBBDD61266BC14C006D6B19 /* FileManagerTutorialUITests.xctest */,
			);
			name = Products;
			sourceTree = "<group>";
		};
		0FBBDD42266BC14B006D6B19 /* FileManagerTutorial */ = {
			isa = PBXGroup;
			children = (
				0FBBDD43266BC14B006D6B19 /* AppDelegate.swift */,
				0FBBDD45266BC14B006D6B19 /* SceneDelegate.swift */,
				0FBBDD47266BC14B006D6B19 /* ViewController.swift */,
				0FBBDD49266BC14B006D6B19 /* Main.storyboard */,
				0FBBDD4C266BC14C006D6B19 /* Assets.xcassets */,
				0FBBDD4E266BC14C006D6B19 /* LaunchScreen.storyboard */,
				0FBBDD51266BC14C006D6B19 /* Info.plist */,
			);
			path = FileManagerTutorial;
			sourceTree = "<group>";
		};
		0FBBDD59266BC14C006D6B19 /* FileManagerTutorialTests */ = {
			isa = PBXGroup;
			children = (
				0FBBDD5A266BC14C006D6B19 /* FileManagerTutorialTests.swift */,
				0FBBDD5C266BC14C006D6B19 /* Info.plist */,
			);
			path = FileManagerTutorialTests;
			sourceTree = "<group>";
		};
		0FBBDD64266BC14C006D6B19 /* FileManagerTutorialUITests */ = {
			isa = PBXGroup;
			children = (
				0FBBDD65266BC14C006D6B19 /* FileManagerTutorialUITests.swift */,
				0FBBDD67266BC14C006D6B19 /* Info.plist */,
			);
			path = FileManagerTutorialUITests;
			sourceTree = "<group>";
		};
/* End PBXGroup section */

/* Begin PBXNativeTarget section */
		0FBBDD3F266BC14B006D6B19 /* FileManagerTutorial */ = {
			isa = PBXNativeTarget;
			buildConfigurationList = 0FBBDD6A266BC14C006D6B19 /* Build configuration list for PBXNativeTarget "FileManagerTutorial" */;
			buildPhases = (
				0FBBDD3C266BC14B006D6B19 /* Sources */,
				0FBBDD3D266BC14B006D6B19 /* Frameworks */,
				0FBBDD3E266BC14B006D6B19 /* Resources */,
			);
			buildRules = (
			);
			dependencies = (
			);
			name = FileManagerTutorial;
			productName = FileManagerTutorial;
			productReference = 0FBBDD40266BC14B006D6B19 /* FileManagerTutorial.app */;
			productType = "com.apple.product-type.application";
		};
		0FBBDD55266BC14C006D6B19 /* FileManagerTutorialTests */ = {
			isa = PBXNativeTarget;
			buildConfigurationList = 0FBBDD6D266BC14C006D6B19 /* Build configuration list for PBXNativeTarget "FileManagerTutorialTests" */;
			buildPhases = (
				0FBBDD52266BC14C006D6B19 /* Sources */,
				0FBBDD53266BC14C006D6B19 /* Frameworks */,
				0FBBDD54266BC14C006D6B19 /* Resources */,
			);
			buildRules = (
			);
			dependencies = (
				0FBBDD58266BC14C006D6B19 /* PBXTargetDependency */,
			);
			name = FileManagerTutorialTests;
			productName = FileManagerTutorialTests;
			productReference = 0FBBDD56266BC14C006D6B19 /* FileManagerTutorialTests.xctest */;
			productType = "com.apple.product-type.bundle.unit-test";
		};
		0FBBDD60266BC14C006D6B19 /* FileManagerTutorialUITests */ = {
			isa = PBXNativeTarget;
			buildConfigurationList = 0FBBDD70266BC14C006D6B19 /* Build configuration list for PBXNativeTarget "FileManagerTutorialUITests" */;
			buildPhases = (
				0FBBDD5D266BC14C006D6B19 /* Sources */,
				0FBBDD5E266BC14C006D6B19 /* Frameworks */,
				0FBBDD5F266BC14C006D6B19 /* Resources */,
			);
			buildRules = (
			);
			dependencies = (
				0FBBDD63266BC14C006D6B19 /* PBXTargetDependency */,
			);
			name = FileManagerTutorialUITests;
			productName = FileManagerTutorialUITests;
			productReference = 0FBBDD61266BC14C006D6B19 /* FileManagerTutorialUITests.xctest */;
			productType = "com.apple.product-type.bundle.ui-testing";
		};
/* End PBXNativeTarget section */

/* Begin PBXProject section */
		0FBBDD38266BC14B006D6B19 /* Project object */ = {
			isa = PBXProject;
			attributes = {
				LastSwiftUpdateCheck = 1250;
				LastUpgradeCheck = 1250;
				TargetAttributes = {
					0FBBDD3F266BC14B006D6B19 = {
						CreatedOnToolsVersion = 12.5;
					};
					0FBBDD55266BC14C006D6B19 = {
						CreatedOnToolsVersion = 12.5;
						TestTargetID = 0FBBDD3F266BC14B006D6B19;
					};
					0FBBDD60266BC14C006D6B19 = {
						CreatedOnToolsVersion = 12.5;
						TestTargetID = 0FBBDD3F266BC14B006D6B19;
					};
				};
			};
			buildConfigurationList = 0FBBDD3B266BC14B006D6B19 /* Build configuration list for PBXProject "FileManagerTutorial" */;
			compatibilityVersion = "Xcode 9.3";
			developmentRegion = en;
			hasScannedForEncodings = 0;
			knownRegions = (
				en,
				Base,
			);
			mainGroup = 0FBBDD37266BC14B006D6B19;
			productRefGroup = 0FBBDD41266BC14B006D6B19 /* Products */;
			projectDirPath = "";
			projectRoot = "";
			targets = (
				0FBBDD3F266BC14B006D6B19 /* FileManagerTutorial */,
				0FBBDD55266BC14C006D6B19 /* FileManagerTutorialTests */,
				0FBBDD60266BC14C006D6B19 /* FileManagerTutorialUITests */,
			);
		};
/* End PBXProject section */

/* Begin PBXResourcesBuildPhase section */
		0FBBDD3E266BC14B006D6B19 /* Resources */ = {
			isa = PBXResourcesBuildPhase;
			buildActionMask = 2147483647;
			files = (
				0FBBDD50266BC14C006D6B19 /* LaunchScreen.storyboard in Resources */,
				0FBBDD4D266BC14C006D6B19 /* Assets.xcassets in Resources */,
				0FBBDD4B266BC14B006D6B19 /* Main.storyboard in Resources */,
			);
			runOnlyForDeploymentPostprocessing = 0;
		};
		0FBBDD54266BC14C006D6B19 /* Resources */ = {
			isa = PBXResourcesBuildPhase;
			buildActionMask = 2147483647;
			files = (
			);
			runOnlyForDeploymentPostprocessing = 0;
		};
		0FBBDD5F266BC14C006D6B19 /* Resources */ = {
			isa = PBXResourcesBuildPhase;
			buildActionMask = 2147483647;
			files = (
			);
			runOnlyForDeploymentPostprocessing = 0;
		};
/* End PBXResourcesBuildPhase section */

/* Begin PBXSourcesBuildPhase section */
		0FBBDD3C266BC14B006D6B19 /* Sources */ = {
			isa = PBXSourcesBuildPhase;
			buildActionMask = 2147483647;
			files = (
				0FBBDD48266BC14B006D6B19 /* ViewController.swift in Sources */,
				0FBBDD44266BC14B006D6B19 /* AppDelegate.swift in Sources */,
				0FBBDD46266BC14B006D6B19 /* SceneDelegate.swift in Sources */,
			);
			runOnlyForDeploymentPostprocessing = 0;
		};
		0FBBDD52266BC14C006D6B19 /* Sources */ = {
			isa = PBXSourcesBuildPhase;
			buildActionMask = 2147483647;
			files = (
				0FBBDD5B266BC14C006D6B19 /* FileManagerTutorialTests.swift in Sources */,
			);
			runOnlyForDeploymentPostprocessing = 0;
		};
		0FBBDD5D266BC14C006D6B19 /* Sources */ = {
			isa = PBXSourcesBuildPhase;
			buildActionMask = 2147483647;
			files = (
				0FBBDD66266BC14C006D6B19 /* FileManagerTutorialUITests.swift in Sources */,
			);
			runOnlyForDeploymentPostprocessing = 0;
		};
/* End PBXSourcesBuildPhase section */

/* Begin PBXTargetDependency section */
		0FBBDD58266BC14C006D6B19 /* PBXTargetDependency */ = {
			isa = PBXTargetDependency;
			target = 0FBBDD3F266BC14B006D6B19 /* FileManagerTutorial */;
			targetProxy = 0FBBDD57266BC14C006D6B19 /* PBXContainerItemProxy */;
		};
		0FBBDD63266BC14C006D6B19 /* PBXTargetDependency */ = {
			isa = PBXTargetDependency;
			target = 0FBBDD3F266BC14B006D6B19 /* FileManagerTutorial */;
			targetProxy = 0FBBDD62266BC14C006D6B19 /* PBXContainerItemProxy */;
		};
/* End PBXTargetDependency section */

/* Begin PBXVariantGroup section */
		0FBBDD49266BC14B006D6B19 /* Main.storyboard */ = {
			isa = PBXVariantGroup;
			children = (
				0FBBDD4A266BC14B006D6B19 /* Base */,
			);
			name = Main.storyboard;
			sourceTree = "<group>";
		};
		0FBBDD4E266BC14C006D6B19 /* LaunchScreen.storyboard */ = {
			isa = PBXVariantGroup;
			children = (
				0FBBDD4F266BC14C006D6B19 /* Base */,
			);
			name = LaunchScreen.storyboard;
			sourceTree = "<group>";
		};
/* End PBXVariantGroup section */

/* Begin XCBuildConfiguration section */
		0FBBDD68266BC14C006D6B19 /* Debug */ = {
			isa = XCBuildConfiguration;
			buildSettings = {
				ALWAYS_SEARCH_USER_PATHS = NO;
				CLANG_ANALYZER_NONNULL = YES;
				CLANG_ANALYZER_NUMBER_OBJECT_CONVERSION = YES_AGGRESSIVE;
				CLANG_CXX_LANGUAGE_STANDARD = "gnu++14";
				CLANG_CXX_LIBRARY = "libc++";
				CLANG_ENABLE_MODULES = YES;
				CLANG_ENABLE_OBJC_ARC = YES;
				CLANG_ENABLE_OBJC_WEAK = YES;
				CLANG_WARN_BLOCK_CAPTURE_AUTORELEASING = YES;
				CLANG_WARN_BOOL_CONVERSION = YES;
				CLANG_WARN_COMMA = YES;
				CLANG_WARN_CONSTANT_CONVERSION = YES;
				CLANG_WARN_DEPRECATED_OBJC_IMPLEMENTATIONS = YES;
				CLANG_WARN_DIRECT_OBJC_ISA_USAGE = YES_ERROR;
				CLANG_WARN_DOCUMENTATION_COMMENTS = YES;
				CLANG_WARN_EMPTY_BODY = YES;
				CLANG_WARN_ENUM_CONVERSION = YES;
				CLANG_WARN_INFINITE_RECURSION = YES;
				CLANG_WARN_INT_CONVERSION = YES;
				CLANG_WARN_NON_LITERAL_NULL_CONVERSION = YES;
				CLANG_WARN_OBJC_IMPLICIT_RETAIN_SELF = YES;
				CLANG_WARN_OBJC_LITERAL_CONVERSION = YES;
				CLANG_WARN_OBJC_ROOT_CLASS = YES_ERROR;
				CLANG_WARN_QUOTED_INCLUDE_IN_FRAMEWORK_HEADER = YES;
				CLANG_WARN_RANGE_LOOP_ANALYSIS = YES;
				CLANG_WARN_STRICT_PROTOTYPES = YES;
				CLANG_WARN_SUSPICIOUS_MOVE = YES;
				CLANG_WARN_UNGUARDED_AVAILABILITY = YES_AGGRESSIVE;
				CLANG_WARN_UNREACHABLE_CODE = YES;
				CLANG_WARN__DUPLICATE_METHOD_MATCH = YES;
				COPY_PHASE_STRIP = NO;
				DEBUG_INFORMATION_FORMAT = dwarf;
				ENABLE_STRICT_OBJC_MSGSEND = YES;
				ENABLE_TESTABILITY = YES;
				GCC_C_LANGUAGE_STANDARD = gnu11;
				GCC_DYNAMIC_NO_PIC = NO;
				GCC_NO_COMMON_BLOCKS = YES;
				GCC_OPTIMIZATION_LEVEL = 0;
				GCC_PREPROCESSOR_DEFINITIONS = (
					"DEBUG=1",
					"$(inherited)",
				);
				GCC_WARN_64_TO_32_BIT_CONVERSION = YES;
				GCC_WARN_ABOUT_RETURN_TYPE = YES_ERROR;
				GCC_WARN_UNDECLARED_SELECTOR = YES;
				GCC_WARN_UNINITIALIZED_AUTOS = YES_AGGRESSIVE;
				GCC_WARN_UNUSED_FUNCTION = YES;
				GCC_WARN_UNUSED_VARIABLE = YES;
				IPHONEOS_DEPLOYMENT_TARGET = 14.5;
				MTL_ENABLE_DEBUG_INFO = INCLUDE_SOURCE;
				MTL_FAST_MATH = YES;
				ONLY_ACTIVE_ARCH = YES;
				SDKROOT = iphoneos;
				SWIFT_ACTIVE_COMPILATION_CONDITIONS = DEBUG;
				SWIFT_OPTIMIZATION_LEVEL = "-Onone";
			};
			name = Debug;
		};
		0FBBDD69266BC14C006D6B19 /* Release */ = {
			isa = XCBuildConfiguration;
			buildSettings = {
				ALWAYS_SEARCH_USER_PATHS = NO;
				CLANG_ANALYZER_NONNULL = YES;
				CLANG_ANALYZER_NUMBER_OBJECT_CONVERSION = YES_AGGRESSIVE;
				CLANG_CXX_LANGUAGE_STANDARD = "gnu++14";
				CLANG_CXX_LIBRARY = "libc++";
				CLANG_ENABLE_MODULES = YES;
				CLANG_ENABLE_OBJC_ARC = YES;
				CLANG_ENABLE_OBJC_WEAK = YES;
				CLANG_WARN_BLOCK_CAPTURE_AUTORELEASING = YES;
				CLANG_WARN_BOOL_CONVERSION = YES;
				CLANG_WARN_COMMA = YES;
				CLANG_WARN_CONSTANT_CONVERSION = YES;
				CLANG_WARN_DEPRECATED_OBJC_IMPLEMENTATIONS = YES;
				CLANG_WARN_DIRECT_OBJC_ISA_USAGE = YES_ERROR;
				CLANG_WARN_DOCUMENTATION_COMMENTS = YES;
				CLANG_WARN_EMPTY_BODY = YES;
				CLANG_WARN_ENUM_CONVERSION = YES;
				CLANG_WARN_INFINITE_RECURSION = YES;
				CLANG_WARN_INT_CONVERSION = YES;
				CLANG_WARN_NON_LITERAL_NULL_CONVERSION = YES;
				CLANG_WARN_OBJC_IMPLICIT_RETAIN_SELF = YES;
				CLANG_WARN_OBJC_LITERAL_CONVERSION = YES;
				CLANG_WARN_OBJC_ROOT_CLASS = YES_ERROR;
				CLANG_WARN_QUOTED_INCLUDE_IN_FRAMEWORK_HEADER = YES;
				CLANG_WARN_RANGE_LOOP_ANALYSIS = YES;
				CLANG_WARN_STRICT_PROTOTYPES = YES;
				CLANG_WARN_SUSPICIOUS_MOVE = YES;
				CLANG_WARN_UNGUARDED_AVAILABILITY = YES_AGGRESSIVE;
				CLANG_WARN_UNREACHABLE_CODE = YES;
				CLANG_WARN__DUPLICATE_METHOD_MATCH = YES;
				COPY_PHASE_STRIP = NO;
				DEBUG_INFORMATION_FORMAT = "dwarf-with-dsym";
				ENABLE_NS_ASSERTIONS = NO;
				ENABLE_STRICT_OBJC_MSGSEND = YES;
				GCC_C_LANGUAGE_STANDARD = gnu11;
				GCC_NO_COMMON_BLOCKS = YES;
				GCC_WARN_64_TO_32_BIT_CONVERSION = YES;
				GCC_WARN_ABOUT_RETURN_TYPE = YES_ERROR;
				GCC_WARN_UNDECLARED_SELECTOR = YES;
				GCC_WARN_UNINITIALIZED_AUTOS = YES_AGGRESSIVE;
				GCC_WARN_UNUSED_FUNCTION = YES;
				GCC_WARN_UNUSED_VARIABLE = YES;
				IPHONEOS_DEPLOYMENT_TARGET = 14.5;
				MTL_ENABLE_DEBUG_INFO = NO;
				MTL_FAST_MATH = YES;
				SDKROOT = iphoneos;
				SWIFT_COMPILATION_MODE = wholemodule;
				SWIFT_OPTIMIZATION_LEVEL = "-O";
				VALIDATE_PRODUCT = YES;
			};
			name = Release;
		};
		0FBBDD6B266BC14C006D6B19 /* Debug */ = {
			isa = XCBuildConfiguration;
			buildSettings = {
				ASSETCATALOG_COMPILER_APPICON_NAME = AppIcon;
				ASSETCATALOG_COMPILER_GLOBAL_ACCENT_COLOR_NAME = AccentColor;
				CODE_SIGN_STYLE = Automatic;
				DEVELOPMENT_TEAM = J7MH5N2BKX;
				INFOPLIST_FILE = FileManagerTutorial/Info.plist;
				LD_RUNPATH_SEARCH_PATHS = (
					"$(inherited)",
					"@executable_path/Frameworks",
				);
				PRODUCT_BUNDLE_IDENTIFIER = com.byoungil.youn.FileManagerTutorial;
				PRODUCT_NAME = "$(TARGET_NAME)";
				SWIFT_VERSION = 5.0;
				TARGETED_DEVICE_FAMILY = "1,2";
			};
			name = Debug;
		};
		0FBBDD6C266BC14C006D6B19 /* Release */ = {
			isa = XCBuildConfiguration;
			buildSettings = {
				ASSETCATALOG_COMPILER_APPICON_NAME = AppIcon;
				ASSETCATALOG_COMPILER_GLOBAL_ACCENT_COLOR_NAME = AccentColor;
				CODE_SIGN_STYLE = Automatic;
				DEVELOPMENT_TEAM = J7MH5N2BKX;
				INFOPLIST_FILE = FileManagerTutorial/Info.plist;
				LD_RUNPATH_SEARCH_PATHS = (
					"$(inherited)",
					"@executable_path/Frameworks",
				);
				PRODUCT_BUNDLE_IDENTIFIER = com.byoungil.youn.FileManagerTutorial;
				PRODUCT_NAME = "$(TARGET_NAME)";
				SWIFT_VERSION = 5.0;
				TARGETED_DEVICE_FAMILY = "1,2";
			};
			name = Release;
		};
		0FBBDD6E266BC14C006D6B19 /* Debug */ = {
			isa = XCBuildConfiguration;
			buildSettings = {
				ALWAYS_EMBED_SWIFT_STANDARD_LIBRARIES = YES;
				BUNDLE_LOADER = "$(TEST_HOST)";
				CODE_SIGN_STYLE = Automatic;
				DEVELOPMENT_TEAM = J7MH5N2BKX;
				INFOPLIST_FILE = FileManagerTutorialTests/Info.plist;
				IPHONEOS_DEPLOYMENT_TARGET = 14.5;
				LD_RUNPATH_SEARCH_PATHS = (
					"$(inherited)",
					"@executable_path/Frameworks",
					"@loader_path/Frameworks",
				);
				PRODUCT_BUNDLE_IDENTIFIER = com.byoungil.youn.FileManagerTutorialTests;
				PRODUCT_NAME = "$(TARGET_NAME)";
				SWIFT_VERSION = 5.0;
				TARGETED_DEVICE_FAMILY = "1,2";
				TEST_HOST = "$(BUILT_PRODUCTS_DIR)/FileManagerTutorial.app/FileManagerTutorial";
			};
			name = Debug;
		};
		0FBBDD6F266BC14C006D6B19 /* Release */ = {
			isa = XCBuildConfiguration;
			buildSettings = {
				ALWAYS_EMBED_SWIFT_STANDARD_LIBRARIES = YES;
				BUNDLE_LOADER = "$(TEST_HOST)";
				CODE_SIGN_STYLE = Automatic;
				DEVELOPMENT_TEAM = J7MH5N2BKX;
				INFOPLIST_FILE = FileManagerTutorialTests/Info.plist;
				IPHONEOS_DEPLOYMENT_TARGET = 14.5;
				LD_RUNPATH_SEARCH_PATHS = (
					"$(inherited)",
					"@executable_path/Frameworks",
					"@loader_path/Frameworks",
				);
				PRODUCT_BUNDLE_IDENTIFIER = com.byoungil.youn.FileManagerTutorialTests;
				PRODUCT_NAME = "$(TARGET_NAME)";
				SWIFT_VERSION = 5.0;
				TARGETED_DEVICE_FAMILY = "1,2";
				TEST_HOST = "$(BUILT_PRODUCTS_DIR)/FileManagerTutorial.app/FileManagerTutorial";
			};
			name = Release;
		};
		0FBBDD71266BC14C006D6B19 /* Debug */ = {
			isa = XCBuildConfiguration;
			buildSettings = {
				ALWAYS_EMBED_SWIFT_STANDARD_LIBRARIES = YES;
				CODE_SIGN_STYLE = Automatic;
				DEVELOPMENT_TEAM = J7MH5N2BKX;
				INFOPLIST_FILE = FileManagerTutorialUITests/Info.plist;
				LD_RUNPATH_SEARCH_PATHS = (
					"$(inherited)",
					"@executable_path/Frameworks",
					"@loader_path/Frameworks",
				);
				PRODUCT_BUNDLE_IDENTIFIER = com.byoungil.youn.FileManagerTutorialUITests;
				PRODUCT_NAME = "$(TARGET_NAME)";
				SWIFT_VERSION = 5.0;
				TARGETED_DEVICE_FAMILY = "1,2";
				TEST_TARGET_NAME = FileManagerTutorial;
			};
			name = Debug;
		};
		0FBBDD72266BC14C006D6B19 /* Release */ = {
			isa = XCBuildConfiguration;
			buildSettings = {
				ALWAYS_EMBED_SWIFT_STANDARD_LIBRARIES = YES;
				CODE_SIGN_STYLE = Automatic;
				DEVELOPMENT_TEAM = J7MH5N2BKX;
				INFOPLIST_FILE = FileManagerTutorialUITests/Info.plist;
				LD_RUNPATH_SEARCH_PATHS = (
					"$(inherited)",
					"@executable_path/Frameworks",
					"@loader_path/Frameworks",
				);
				PRODUCT_BUNDLE_IDENTIFIER = com.byoungil.youn.FileManagerTutorialUITests;
				PRODUCT_NAME = "$(TARGET_NAME)";
				SWIFT_VERSION = 5.0;
				TARGETED_DEVICE_FAMILY = "1,2";
				TEST_TARGET_NAME = FileManagerTutorial;
			};
			name = Release;
		};
/* End XCBuildConfiguration section */

/* Begin XCConfigurationList section */
		0FBBDD3B266BC14B006D6B19 /* Build configuration list for PBXProject "FileManagerTutorial" */ = {
			isa = XCConfigurationList;
			buildConfigurations = (
				0FBBDD68266BC14C006D6B19 /* Debug */,
				0FBBDD69266BC14C006D6B19 /* Release */,
			);
			defaultConfigurationIsVisible = 0;
			defaultConfigurationName = Release;
		};
		0FBBDD6A266BC14C006D6B19 /* Build configuration list for PBXNativeTarget "FileManagerTutorial" */ = {
			isa = XCConfigurationList;
			buildConfigurations = (
				0FBBDD6B266BC14C006D6B19 /* Debug */,
				0FBBDD6C266BC14C006D6B19 /* Release */,
			);
			defaultConfigurationIsVisible = 0;
			defaultConfigurationName = Release;
		};
		0FBBDD6D266BC14C006D6B19 /* Build configuration list for PBXNativeTarget "FileManagerTutorialTests" */ = {
			isa = XCConfigurationList;
			buildConfigurations = (
				0FBBDD6E266BC14C006D6B19 /* Debug */,
				0FBBDD6F266BC14C006D6B19 /* Release */,
			);
			defaultConfigurationIsVisible = 0;
			defaultConfigurationName = Release;
		};
		0FBBDD70266BC14C006D6B19 /* Build configuration list for PBXNativeTarget "FileManagerTutorialUITests" */ = {
			isa = XCConfigurationList;
			buildConfigurations = (
				0FBBDD71266BC14C006D6B19 /* Debug */,
				0FBBDD72266BC14C006D6B19 /* Release */,
			);
			defaultConfigurationIsVisible = 0;
			defaultConfigurationName = Release;
		};
/* End XCConfigurationList section */
	};
	rootObject = 0FBBDD38266BC14B006D6B19 /* Project object */;
}
